// !$*UTF8*$!
{
	archiveVersion = 1;
	classes = {
	};
	objectVersion = 46;
	objects = {

/* Begin PBXBuildFile section */
		4F3DA65117B311710021EC69 /* UIKit.framework in Frameworks */ = {isa = PBXBuildFile; fileRef = 4F3DA65017B311710021EC69 /* UIKit.framework */; };
		4F3DA65317B311710021EC69 /* Foundation.framework in Frameworks */ = {isa = PBXBuildFile; fileRef = 4F3DA65217B311710021EC69 /* Foundation.framework */; };
		4F3DA65517B311710021EC69 /* CoreGraphics.framework in Frameworks */ = {isa = PBXBuildFile; fileRef = 4F3DA65417B311710021EC69 /* CoreGraphics.framework */; };
		4F3DA65B17B311720021EC69 /* InfoPlist.strings in Resources */ = {isa = PBXBuildFile; fileRef = 4F3DA65917B311720021EC69 /* InfoPlist.strings */; };
		4F3DA65D17B311720021EC69 /* main.m in Sources */ = {isa = PBXBuildFile; fileRef = 4F3DA65C17B311720021EC69 /* main.m */; };
		4F3DA66117B311720021EC69 /* AppDelegate.m in Sources */ = {isa = PBXBuildFile; fileRef = 4F3DA66017B311720021EC69 /* AppDelegate.m */; };
		4F3DA66317B311720021EC69 /* Default.png in Resources */ = {isa = PBXBuildFile; fileRef = 4F3DA66217B311720021EC69 /* Default.png */; };
		4F3DA66517B311720021EC69 /* Default@2x.png in Resources */ = {isa = PBXBuildFile; fileRef = 4F3DA66417B311720021EC69 /* Default@2x.png */; };
		4F3DA66717B311720021EC69 /* Default-568h@2x.png in Resources */ = {isa = PBXBuildFile; fileRef = 4F3DA66617B311720021EC69 /* Default-568h@2x.png */; };
		4F3DA66A17B311720021EC69 /* MainStoryboard.storyboard in Resources */ = {isa = PBXBuildFile; fileRef = 4F3DA66817B311720021EC69 /* MainStoryboard.storyboard */; };
		4F3DA66D17B311720021EC69 /* FirstViewController.m in Sources */ = {isa = PBXBuildFile; fileRef = 4F3DA66C17B311720021EC69 /* FirstViewController.m */; };
		4F3DA67417B311720021EC69 /* SecondViewController.m in Sources */ = {isa = PBXBuildFile; fileRef = 4F3DA67317B311720021EC69 /* SecondViewController.m */; };
		4F3DA68517B337840021EC69 /* TeslaCover.jpg in Resources */ = {isa = PBXBuildFile; fileRef = 4F3DA68417B337840021EC69 /* TeslaCover.jpg */; };
		4F3DA68817B339B10021EC69 /* TeslaLogo.png in Resources */ = {isa = PBXBuildFile; fileRef = 4F3DA68617B339B10021EC69 /* TeslaLogo.png */; };
		4F3DA68917B339B10021EC69 /* TeslaLogo@2x.png in Resources */ = {isa = PBXBuildFile; fileRef = 4F3DA68717B339B10021EC69 /* TeslaLogo@2x.png */; };
		4F3DA68C17B33C7C0021EC69 /* TeslaPics.png in Resources */ = {isa = PBXBuildFile; fileRef = 4F3DA68A17B33C7C0021EC69 /* TeslaPics.png */; };
		4F3DA68D17B33C7C0021EC69 /* TeslaPics@2x.png in Resources */ = {isa = PBXBuildFile; fileRef = 4F3DA68B17B33C7C0021EC69 /* TeslaPics@2x.png */; };
		4F3DA68F17B33DC90021EC69 /* button-explore.png in Resources */ = {isa = PBXBuildFile; fileRef = 4F3DA68E17B33DC90021EC69 /* button-explore.png */; };
		4F3DA69117B33E9B0021EC69 /* button-save.png in Resources */ = {isa = PBXBuildFile; fileRef = 4F3DA69017B33E9B0021EC69 /* button-save.png */; };
		4F3DA69317B34C370021EC69 /* icon-114.png in Resources */ = {isa = PBXBuildFile; fileRef = 4F3DA69217B34C360021EC69 /* icon-114.png */; };
		4F3DA69B17B34C8F0021EC69 /* icon-57.png in Resources */ = {isa = PBXBuildFile; fileRef = 4F3DA69A17B34C8F0021EC69 /* icon-57.png */; };
		4F3DA6A217B34F650021EC69 /* share.png in Resources */ = {isa = PBXBuildFile; fileRef = 4F3DA6A017B34F650021EC69 /* share.png */; };
		4F3DA6A317B34F650021EC69 /* share@2x.png in Resources */ = {isa = PBXBuildFile; fileRef = 4F3DA6A117B34F650021EC69 /* share@2x.png */; };
		4F3DA6A617B34F9A0021EC69 /* ShareViewController.m in Sources */ = {isa = PBXBuildFile; fileRef = 4F3DA6A517B34F9A0021EC69 /* ShareViewController.m */; };
		4F3DA6A817B3502D0021EC69 /* Social.framework in Frameworks */ = {isa = PBXBuildFile; fileRef = 4F3DA6A717B3502D0021EC69 /* Social.framework */; };
		4F3DA6AA17B350C10021EC69 /* tesla_flag.png in Resources */ = {isa = PBXBuildFile; fileRef = 4F3DA6A917B350C10021EC69 /* tesla_flag.png */; };
		4F3DA6AD17B3554F0021EC69 /* button-facebook.png in Resources */ = {isa = PBXBuildFile; fileRef = 4F3DA6AB17B3554F0021EC69 /* button-facebook.png */; };
		4F3DA6AE17B3554F0021EC69 /* button-tweet.png in Resources */ = {isa = PBXBuildFile; fileRef = 4F3DA6AC17B3554F0021EC69 /* button-tweet.png */; };
		4F3DA6B017B3573C0021EC69 /* SharePage.jpg in Resources */ = {isa = PBXBuildFile; fileRef = 4F3DA6AF17B3573C0021EC69 /* SharePage.jpg */; };
		4F3DA6B717B3E4700021EC69 /* ParticleView.m in Sources */ = {isa = PBXBuildFile; fileRef = 4F3DA6B617B3E4700021EC69 /* ParticleView.m */; };
		4F3DA6BF17B3EF610021EC69 /* redbeam.png in Resources */ = {isa = PBXBuildFile; fileRef = 4F3DA6BE17B3EF610021EC69 /* redbeam.png */; };
/* End PBXBuildFile section */

/* Begin PBXFileReference section */
		4F3DA64D17B311710021EC69 /* TeslaWalls.app */ = {isa = PBXFileReference; explicitFileType = wrapper.application; includeInIndex = 0; path = TeslaWalls.app; sourceTree = BUILT_PRODUCTS_DIR; };
		4F3DA65017B311710021EC69 /* UIKit.framework */ = {isa = PBXFileReference; lastKnownFileType = wrapper.framework; name = UIKit.framework; path = System/Library/Frameworks/UIKit.framework; sourceTree = SDKROOT; };
		4F3DA65217B311710021EC69 /* Foundation.framework */ = {isa = PBXFileReference; lastKnownFileType = wrapper.framework; name = Foundation.framework; path = System/Library/Frameworks/Foundation.framework; sourceTree = SDKROOT; };
		4F3DA65417B311710021EC69 /* CoreGraphics.framework */ = {isa = PBXFileReference; lastKnownFileType = wrapper.framework; name = CoreGraphics.framework; path = System/Library/Frameworks/CoreGraphics.framework; sourceTree = SDKROOT; };
		4F3DA65817B311720021EC69 /* TeslaWalls-Info.plist */ = {isa = PBXFileReference; lastKnownFileType = text.plist.xml; path = "TeslaWalls-Info.plist"; sourceTree = "<group>"; };
		4F3DA65A17B311720021EC69 /* en */ = {isa = PBXFileReference; lastKnownFileType = text.plist.strings; name = en; path = en.lproj/InfoPlist.strings; sourceTree = "<group>"; };
		4F3DA65C17B311720021EC69 /* main.m */ = {isa = PBXFileReference; lastKnownFileType = sourcecode.c.objc; path = main.m; sourceTree = "<group>"; };
		4F3DA65E17B311720021EC69 /* TeslaWalls-Prefix.pch */ = {isa = PBXFileReference; lastKnownFileType = sourcecode.c.h; path = "TeslaWalls-Prefix.pch"; sourceTree = "<group>"; };
		4F3DA65F17B311720021EC69 /* AppDelegate.h */ = {isa = PBXFileReference; lastKnownFileType = sourcecode.c.h; path = AppDelegate.h; sourceTree = "<group>"; };
		4F3DA66017B311720021EC69 /* AppDelegate.m */ = {isa = PBXFileReference; lastKnownFileType = sourcecode.c.objc; path = AppDelegate.m; sourceTree = "<group>"; };
		4F3DA66217B311720021EC69 /* Default.png */ = {isa = PBXFileReference; lastKnownFileType = image.png; path = Default.png; sourceTree = "<group>"; };
		4F3DA66417B311720021EC69 /* Default@2x.png */ = {isa = PBXFileReference; lastKnownFileType = image.png; path = "Default@2x.png"; sourceTree = "<group>"; };
		4F3DA66617B311720021EC69 /* Default-568h@2x.png */ = {isa = PBXFileReference; lastKnownFileType = image.png; path = "Default-568h@2x.png"; sourceTree = "<group>"; };
		4F3DA66917B311720021EC69 /* en */ = {isa = PBXFileReference; lastKnownFileType = file.storyboard; name = en; path = en.lproj/MainStoryboard.storyboard; sourceTree = "<group>"; };
		4F3DA66B17B311720021EC69 /* FirstViewController.h */ = {isa = PBXFileReference; lastKnownFileType = sourcecode.c.h; path = FirstViewController.h; sourceTree = "<group>"; };
		4F3DA66C17B311720021EC69 /* FirstViewController.m */ = {isa = PBXFileReference; lastKnownFileType = sourcecode.c.objc; path = FirstViewController.m; sourceTree = "<group>"; };
		4F3DA67217B311720021EC69 /* SecondViewController.h */ = {isa = PBXFileReference; lastKnownFileType = sourcecode.c.h; path = SecondViewController.h; sourceTree = "<group>"; };
		4F3DA67317B311720021EC69 /* SecondViewController.m */ = {isa = PBXFileReference; lastKnownFileType = sourcecode.c.objc; path = SecondViewController.m; sourceTree = "<group>"; };
		4F3DA68417B337840021EC69 /* TeslaCover.jpg */ = {isa = PBXFileReference; lastKnownFileType = image.jpeg; path = TeslaCover.jpg; sourceTree = "<group>"; };
		4F3DA68617B339B10021EC69 /* TeslaLogo.png */ = {isa = PBXFileReference; lastKnownFileType = image.png; path = TeslaLogo.png; sourceTree = "<group>"; };
		4F3DA68717B339B10021EC69 /* TeslaLogo@2x.png */ = {isa = PBXFileReference; lastKnownFileType = image.png; path = "TeslaLogo@2x.png"; sourceTree = "<group>"; };
		4F3DA68A17B33C7C0021EC69 /* TeslaPics.png */ = {isa = PBXFileReference; lastKnownFileType = image.png; path = TeslaPics.png; sourceTree = "<group>"; };
		4F3DA68B17B33C7C0021EC69 /* TeslaPics@2x.png */ = {isa = PBXFileReference; lastKnownFileType = image.png; path = "TeslaPics@2x.png"; sourceTree = "<group>"; };
		4F3DA68E17B33DC90021EC69 /* button-explore.png */ = {isa = PBXFileReference; lastKnownFileType = image.png; path = "button-explore.png"; sourceTree = "<group>"; };
		4F3DA69017B33E9B0021EC69 /* button-save.png */ = {isa = PBXFileReference; lastKnownFileType = image.png; path = "button-save.png"; sourceTree = "<group>"; };
		4F3DA69217B34C360021EC69 /* icon-114.png */ = {isa = PBXFileReference; lastKnownFileType = image.png; path = "icon-114.png"; sourceTree = "<group>"; };
		4F3DA69617B34C4F0021EC69 /* Default@2x.png */ = {isa = PBXFileReference; lastKnownFileType = image.png; path = "Default@2x.png"; sourceTree = "<group>"; };
		4F3DA69817B34C590021EC69 /* Default-568h@2x.png */ = {isa = PBXFileReference; lastKnownFileType = image.png; path = "Default-568h@2x.png"; sourceTree = "<group>"; };
		4F3DA69A17B34C8F0021EC69 /* icon-57.png */ = {isa = PBXFileReference; lastKnownFileType = image.png; path = "icon-57.png"; sourceTree = "<group>"; };
		4F3DA6A017B34F650021EC69 /* share.png */ = {isa = PBXFileReference; lastKnownFileType = image.png; path = share.png; sourceTree = "<group>"; };
		4F3DA6A117B34F650021EC69 /* share@2x.png */ = {isa = PBXFileReference; lastKnownFileType = image.png; path = "share@2x.png"; sourceTree = "<group>"; };
		4F3DA6A417B34F9A0021EC69 /* ShareViewController.h */ = {isa = PBXFileReference; fileEncoding = 4; lastKnownFileType = sourcecode.c.h; path = ShareViewController.h; sourceTree = "<group>"; };
		4F3DA6A517B34F9A0021EC69 /* ShareViewController.m */ = {isa = PBXFileReference; fileEncoding = 4; lastKnownFileType = sourcecode.c.objc; path = ShareViewController.m; sourceTree = "<group>"; };
		4F3DA6A717B3502D0021EC69 /* Social.framework */ = {isa = PBXFileReference; lastKnownFileType = wrapper.framework; name = Social.framework; path = System/Library/Frameworks/Social.framework; sourceTree = SDKROOT; };
		4F3DA6A917B350C10021EC69 /* tesla_flag.png */ = {isa = PBXFileReference; lastKnownFileType = image.png; path = tesla_flag.png; sourceTree = "<group>"; };
		4F3DA6AB17B3554F0021EC69 /* button-facebook.png */ = {isa = PBXFileReference; lastKnownFileType = image.png; path = "button-facebook.png"; sourceTree = "<group>"; };
		4F3DA6AC17B3554F0021EC69 /* button-tweet.png */ = {isa = PBXFileReference; lastKnownFileType = image.png; path = "button-tweet.png"; sourceTree = "<group>"; };
		4F3DA6AF17B3573C0021EC69 /* SharePage.jpg */ = {isa = PBXFileReference; lastKnownFileType = image.jpeg; path = SharePage.jpg; sourceTree = "<group>"; };
		4F3DA6B117B35E6B0021EC69 /* Default.png */ = {isa = PBXFileReference; lastKnownFileType = image.png; path = Default.png; sourceTree = "<group>"; };
		4F3DA6B517B3E4700021EC69 /* ParticleView.h */ = {isa = PBXFileReference; fileEncoding = 4; lastKnownFileType = sourcecode.c.h; name = ParticleView.h; path = ../ParticleView.h; sourceTree = "<group>"; };
		4F3DA6B617B3E4700021EC69 /* ParticleView.m */ = {isa = PBXFileReference; fileEncoding = 4; lastKnownFileType = sourcecode.c.objc; name = ParticleView.m; path = ../ParticleView.m; sourceTree = "<group>"; };
		4F3DA6BE17B3EF610021EC69 /* redbeam.png */ = {isa = PBXFileReference; lastKnownFileType = image.png; path = redbeam.png; sourceTree = "<group>"; };
/* End PBXFileReference section */

/* Begin PBXFrameworksBuildPhase section */
		4F3DA64A17B311710021EC69 /* Frameworks */ = {
			isa = PBXFrameworksBuildPhase;
			buildActionMask = 2147483647;
			files = (
				4F3DA6A817B3502D0021EC69 /* Social.framework in Frameworks */,
				4F3DA65117B311710021EC69 /* UIKit.framework in Frameworks */,
				4F3DA65317B311710021EC69 /* Foundation.framework in Frameworks */,
				4F3DA65517B311710021EC69 /* CoreGraphics.framework in Frameworks */,
			);
			runOnlyForDeploymentPostprocessing = 0;
		};
/* End PBXFrameworksBuildPhase section */

/* Begin PBXGroup section */
		4F3DA64417B311710021EC69 = {
			isa = PBXGroup;
			children = (
				4F3DA69A17B34C8F0021EC69 /* icon-57.png */,
				4F3DA69817B34C590021EC69 /* Default-568h@2x.png */,
				4F3DA69617B34C4F0021EC69 /* Default@2x.png */,
				4F3DA6B117B35E6B0021EC69 /* Default.png */,
				4F3DA69217B34C360021EC69 /* icon-114.png */,
				4F3DA65617B311710021EC69 /* TeslaWalls */,
				4F3DA64F17B311710021EC69 /* Frameworks */,
				4F3DA64E17B311710021EC69 /* Products */,
			);
			sourceTree = "<group>";
		};
		4F3DA64E17B311710021EC69 /* Products */ = {
			isa = PBXGroup;
			children = (
				4F3DA64D17B311710021EC69 /* TeslaWalls.app */,
			);
			name = Products;
			sourceTree = "<group>";
		};
		4F3DA64F17B311710021EC69 /* Frameworks */ = {
			isa = PBXGroup;
			children = (
				4F3DA6A717B3502D0021EC69 /* Social.framework */,
				4F3DA65017B311710021EC69 /* UIKit.framework */,
				4F3DA65217B311710021EC69 /* Foundation.framework */,
				4F3DA65417B311710021EC69 /* CoreGraphics.framework */,
			);
			name = Frameworks;
			sourceTree = "<group>";
		};
		4F3DA65617B311710021EC69 /* TeslaWalls */ = {
			isa = PBXGroup;
			children = (
				4F3DA65F17B311720021EC69 /* AppDelegate.h */,
				4F3DA66017B311720021EC69 /* AppDelegate.m */,
				4F3DA66817B311720021EC69 /* MainStoryboard.storyboard */,
				4F3DA66B17B311720021EC69 /* FirstViewController.h */,
				4F3DA66C17B311720021EC69 /* FirstViewController.m */,
				4F3DA67217B311720021EC69 /* SecondViewController.h */,
				4F3DA67317B311720021EC69 /* SecondViewController.m */,
				4F3DA6A417B34F9A0021EC69 /* ShareViewController.h */,
				4F3DA6A517B34F9A0021EC69 /* ShareViewController.m */,
				4F3DA6B517B3E4700021EC69 /* ParticleView.h */,
				4F3DA6B617B3E4700021EC69 /* ParticleView.m */,
				4F3DA65717B311710021EC69 /* Supporting Files */,
			);
			path = TeslaWalls;
			sourceTree = "<group>";
		};
		4F3DA65717B311710021EC69 /* Supporting Files */ = {
			isa = PBXGroup;
			children = (
				4F3DA6C017B3F7060021EC69 /* Images */,
				4F3DA65817B311720021EC69 /* TeslaWalls-Info.plist */,
				4F3DA65917B311720021EC69 /* InfoPlist.strings */,
				4F3DA65C17B311720021EC69 /* main.m */,
				4F3DA65E17B311720021EC69 /* TeslaWalls-Prefix.pch */,
			);
			name = "Supporting Files";
			sourceTree = "<group>";
		};
		4F3DA6C017B3F7060021EC69 /* Images */ = {
			isa = PBXGroup;
			children = (
				4F3DA6BE17B3EF610021EC69 /* redbeam.png */,
				4F3DA6AB17B3554F0021EC69 /* button-facebook.png */,
				4F3DA6AC17B3554F0021EC69 /* button-tweet.png */,
				4F3DA6AF17B3573C0021EC69 /* SharePage.jpg */,
				4F3DA6A917B350C10021EC69 /* tesla_flag.png */,
				4F3DA6A017B34F650021EC69 /* share.png */,
				4F3DA6A117B34F650021EC69 /* share@2x.png */,
				4F3DA68A17B33C7C0021EC69 /* TeslaPics.png */,
				4F3DA68B17B33C7C0021EC69 /* TeslaPics@2x.png */,
				4F3DA68617B339B10021EC69 /* TeslaLogo.png */,
				4F3DA68717B339B10021EC69 /* TeslaLogo@2x.png */,
				4F3DA68417B337840021EC69 /* TeslaCover.jpg */,
				4F3DA69017B33E9B0021EC69 /* button-save.png */,
				4F3DA68E17B33DC90021EC69 /* button-explore.png */,
				4F3DA66217B311720021EC69 /* Default.png */,
				4F3DA66417B311720021EC69 /* Default@2x.png */,
				4F3DA66617B311720021EC69 /* Default-568h@2x.png */,
			);
			name = Images;
			sourceTree = "<group>";
		};
/* End PBXGroup section */

/* Begin PBXNativeTarget section */
		4F3DA64C17B311710021EC69 /* TeslaWalls */ = {
			isa = PBXNativeTarget;
			buildConfigurationList = 4F3DA67B17B311720021EC69 /* Build configuration list for PBXNativeTarget "TeslaWalls" */;
			buildPhases = (
				4F3DA64917B311710021EC69 /* Sources */,
				4F3DA64A17B311710021EC69 /* Frameworks */,
				4F3DA64B17B311710021EC69 /* Resources */,
			);
			buildRules = (
			);
			dependencies = (
			);
			name = TeslaWalls;
			productName = TeslaWalls;
			productReference = 4F3DA64D17B311710021EC69 /* TeslaWalls.app */;
			productType = "com.apple.product-type.application";
		};
/* End PBXNativeTarget section */

/* Begin PBXProject section */
		4F3DA64517B311710021EC69 /* Project object */ = {
			isa = PBXProject;
			attributes = {
				LastUpgradeCheck = 0460;
				ORGANIZATIONNAME = "Jill Pestka";
			};
			buildConfigurationList = 4F3DA64817B311710021EC69 /* Build configuration list for PBXProject "TeslaWalls" */;
			compatibilityVersion = "Xcode 3.2";
			developmentRegion = English;
			hasScannedForEncodings = 0;
			knownRegions = (
				en,
			);
			mainGroup = 4F3DA64417B311710021EC69;
			productRefGroup = 4F3DA64E17B311710021EC69 /* Products */;
			projectDirPath = "";
			projectRoot = "";
			targets = (
				4F3DA64C17B311710021EC69 /* TeslaWalls */,
			);
		};
/* End PBXProject section */

/* Begin PBXResourcesBuildPhase section */
		4F3DA64B17B311710021EC69 /* Resources */ = {
			isa = PBXResourcesBuildPhase;
			buildActionMask = 2147483647;
			files = (
				4F3DA65B17B311720021EC69 /* InfoPlist.strings in Resources */,
				4F3DA66317B311720021EC69 /* Default.png in Resources */,
				4F3DA66517B311720021EC69 /* Default@2x.png in Resources */,
				4F3DA66717B311720021EC69 /* Default-568h@2x.png in Resources */,
				4F3DA66A17B311720021EC69 /* MainStoryboard.storyboard in Resources */,
				4F3DA68517B337840021EC69 /* TeslaCover.jpg in Resources */,
				4F3DA68817B339B10021EC69 /* TeslaLogo.png in Resources */,
				4F3DA68917B339B10021EC69 /* TeslaLogo@2x.png in Resources */,
				4F3DA68C17B33C7C0021EC69 /* TeslaPics.png in Resources */,
				4F3DA68D17B33C7C0021EC69 /* TeslaPics@2x.png in Resources */,
				4F3DA68F17B33DC90021EC69 /* button-explore.png in Resources */,
				4F3DA69117B33E9B0021EC69 /* button-save.png in Resources */,
				4F3DA69317B34C370021EC69 /* icon-114.png in Resources */,
				4F3DA69B17B34C8F0021EC69 /* icon-57.png in Resources */,
				4F3DA6A217B34F650021EC69 /* share.png in Resources */,
				4F3DA6A317B34F650021EC69 /* share@2x.png in Resources */,
				4F3DA6AA17B350C10021EC69 /* tesla_flag.png in Resources */,
				4F3DA6AD17B3554F0021EC69 /* button-facebook.png in Resources */,
				4F3DA6AE17B3554F0021EC69 /* button-tweet.png in Resources */,
				4F3DA6B017B3573C0021EC69 /* SharePage.jpg in Resources */,
				4F3DA6BF17B3EF610021EC69 /* redbeam.png in Resources */,
			);
			runOnlyForDeploymentPostprocessing = 0;
		};
/* End PBXResourcesBuildPhase section */

/* Begin PBXSourcesBuildPhase section */
		4F3DA64917B311710021EC69 /* Sources */ = {
			isa = PBXSourcesBuildPhase;
			buildActionMask = 2147483647;
			files = (
				4F3DA65D17B311720021EC69 /* main.m in Sources */,
				4F3DA66117B311720021EC69 /* AppDelegate.m in Sources */,
				4F3DA66D17B311720021EC69 /* FirstViewController.m in Sources */,
				4F3DA67417B311720021EC69 /* SecondViewController.m in Sources */,
				4F3DA6A617B34F9A0021EC69 /* ShareViewController.m in Sources */,
				4F3DA6B717B3E4700021EC69 /* ParticleView.m in Sources */,
			);
			runOnlyForDeploymentPostprocessing = 0;
		};
/* End PBXSourcesBuildPhase section */

/* Begin PBXVariantGroup section */
		4F3DA65917B311720021EC69 /* InfoPlist.strings */ = {
			isa = PBXVariantGroup;
			children = (
				4F3DA65A17B311720021EC69 /* en */,
			);
			name = InfoPlist.strings;
			sourceTree = "<group>";
		};
		4F3DA66817B311720021EC69 /* MainStoryboard.storyboard */ = {
			isa = PBXVariantGroup;
			children = (
				4F3DA66917B311720021EC69 /* en */,
			);
			name = MainStoryboard.storyboard;
			sourceTree = "<group>";
		};
/* End PBXVariantGroup section */

/* Begin XCBuildConfiguration section */
		4F3DA67917B311720021EC69 /* Debug */ = {
			isa = XCBuildConfiguration;
			buildSettings = {
				ALWAYS_SEARCH_USER_PATHS = NO;
				CLANG_CXX_LANGUAGE_STANDARD = "gnu++0x";
				CLANG_CXX_LIBRARY = "libc++";
				CLANG_ENABLE_OBJC_ARC = YES;
				CLANG_WARN_CONSTANT_CONVERSION = YES;
				CLANG_WARN_EMPTY_BODY = YES;
				CLANG_WARN_ENUM_CONVERSION = YES;
				CLANG_WARN_INT_CONVERSION = YES;
				CLANG_WARN__DUPLICATE_METHOD_MATCH = YES;
				"CODE_SIGN_IDENTITY[sdk=iphoneos*]" = "iPhone Developer";
				COPY_PHASE_STRIP = NO;
				GCC_C_LANGUAGE_STANDARD = gnu99;
				GCC_DYNAMIC_NO_PIC = NO;
				GCC_OPTIMIZATION_LEVEL = 0;
				GCC_PREPROCESSOR_DEFINITIONS = (
					"DEBUG=1",
					"$(inherited)",
				);
				GCC_SYMBOLS_PRIVATE_EXTERN = NO;
				GCC_WARN_ABOUT_RETURN_TYPE = YES;
				GCC_WARN_UNINITIALIZED_AUTOS = YES;
				GCC_WARN_UNUSED_VARIABLE = YES;
				IPHONEOS_DEPLOYMENT_TARGET = 6.1;
				ONLY_ACTIVE_ARCH = YES;
				SDKROOT = iphoneos;
			};
			name = Debug;
		};
		4F3DA67A17B311720021EC69 /* Release */ = {
			isa = XCBuildConfiguration;
			buildSettings = {
				ALWAYS_SEARCH_USER_PATHS = NO;
				CLANG_CXX_LANGUAGE_STANDARD = "gnu++0x";
				CLANG_CXX_LIBRARY = "libc++";
				CLANG_ENABLE_OBJC_ARC = YES;
				CLANG_WARN_CONSTANT_CONVERSION = YES;
				CLANG_WARN_EMPTY_BODY = YES;
				CLANG_WARN_ENUM_CONVERSION = YES;
				CLANG_WARN_INT_CONVERSION = YES;
				CLANG_WARN__DUPLICATE_METHOD_MATCH = YES;
				"CODE_SIGN_IDENTITY[sdk=iphoneos*]" = "iPhone Developer";
				COPY_PHASE_STRIP = YES;
				GCC_C_LANGUAGE_STANDARD = gnu99;
				GCC_WARN_ABOUT_RETURN_TYPE = YES;
				GCC_WARN_UNINITIALIZED_AUTOS = YES;
				GCC_WARN_UNUSED_VARIABLE = YES;
				IPHONEOS_DEPLOYMENT_TARGET = 6.1;
				OTHER_CFLAGS = "-DNS_BLOCK_ASSERTIONS=1";
				SDKROOT = iphoneos;
				VALIDATE_PRODUCT = YES;
			};
			name = Release;
		};
		4F3DA67C17B311720021EC69 /* Debug */ = {
			isa = XCBuildConfiguration;
			buildSettings = {
				GCC_PRECOMPILE_PREFIX_HEADER = YES;
				GCC_PREFIX_HEADER = "TeslaWalls/TeslaWalls-Prefix.pch";
				INFOPLIST_FILE = "TeslaWalls/TeslaWalls-Info.plist";
				PRODUCT_NAME = "$(TARGET_NAME)";
				WRAPPER_EXTENSION = app;
			};
			name = Debug;
		};
		4F3DA67D17B311720021EC69 /* Release */ = {
			isa = XCBuildConfiguration;
			buildSettings = {
				GCC_PRECOMPILE_PREFIX_HEADER = YES;
				GCC_PREFIX_HEADER = "TeslaWalls/TeslaWalls-Prefix.pch";
				INFOPLIST_FILE = "TeslaWalls/TeslaWalls-Info.plist";
				PRODUCT_NAME = "$(TARGET_NAME)";
				WRAPPER_EXTENSION = app;
			};
			name = Release;
		};
/* End XCBuildConfiguration section */

/* Begin XCConfigurationList section */
		4F3DA64817B311710021EC69 /* Build configuration list for PBXProject "TeslaWalls" */ = {
			isa = XCConfigurationList;
			buildConfigurations = (
				4F3DA67917B311720021EC69 /* Debug */,
				4F3DA67A17B311720021EC69 /* Release */,
			);
			defaultConfigurationIsVisible = 0;
			defaultConfigurationName = Release;
		};
		4F3DA67B17B311720021EC69 /* Build configuration list for PBXNativeTarget "TeslaWalls" */ = {
			isa = XCConfigurationList;
			buildConfigurations = (
				4F3DA67C17B311720021EC69 /* Debug */,
				4F3DA67D17B311720021EC69 /* Release */,
			);
			defaultConfigurationIsVisible = 0;
			defaultConfigurationName = Release;
		};
/* End XCConfigurationList section */
	};
	rootObject = 4F3DA64517B311710021EC69 /* Project object */;
}
